PODS:
  - Anchorage (4.3.1)
  - AppFolder (0.2.0)
  - CocoaLumberjack/Core (3.6.0)
  - CocoaLumberjack/Swift (3.6.0):
    - CocoaLumberjack/Core
  - Hippolyte (1.1.0)
  - R.swift (5.1.0):
    - R.swift.Library (~> 5.1.0)
  - R.swift.Library (5.1.0)
  - RxCocoa (5.0.1):
    - RxRelay (~> 5)
    - RxSwift (~> 5)
  - RxRelay (5.0.1):
    - RxSwift (~> 5)
  - RxSwift (5.0.1)
  - SwiftFormat/CLI (0.41.2)
  - SwiftLint (0.37.0)

DEPENDENCIES:
  - Anchorage
  - AppFolder
  - CocoaLumberjack/Swift
  - Hippolyte
  - R.swift
  - RxCocoa
  - RxSwift
  - SwiftFormat/CLI
  - SwiftLint

SPEC REPOS:
  https://github.com/CocoaPods/Specs.git:
    - Anchorage
    - AppFolder
    - CocoaLumberjack
    - Hippolyte
    - R.swift
    - R.swift.Library
    - RxCocoa
    - RxRelay
    - RxSwift
    - SwiftFormat
    - SwiftLint

SPEC CHECKSUMS:
  Anchorage: a187da0bc9b07440637d42c8744b8c82a4490295
  AppFolder: d10ba19488bd441d60ffcf96eb2ab639a4825231
  CocoaLumberjack: 78b0c238666f4f58db069738ec176f4519557516
  Hippolyte: a295da386260477d164529b7b18a07adc6175240
  R.swift: 8cbc4fc69b740305b6a17c8a8ed968eb788962d9
  R.swift.Library: fa85ce1e0d0b7e818cd9e080df910ba54d2776cc
  RxCocoa: e741b9749968e8a143e2b787f1dfbff2b63d0a5c
  RxRelay: 89d54507f4fd4d969e6ec1d4bd7f3673640b4640
  RxSwift: e2dc62b366a3adf6a0be44ba9f405efd4c94e0c4
  SwiftFormat: 09921e624a7c5c53a687a9ae625fee48071a5d71
  SwiftLint: c078a14d7d7ade75e5507795d185e3da41d844d2

PODFILE CHECKSUM: 692a3e4982e6c29921da0e9ff0b0b53102c2b5ca

COCOAPODS: 1.8.4
